// !$*UTF8*$!
{
	archiveVersion = 1;
	classes = {
	};
	objectVersion = 77;
	objects = {

/* Begin PBXBuildFile section */
		3BE837FD2EDF1625003A9D6C /* Assets.xcassets in Resources */ = {isa = PBXBuildFile; fileRef = 3BE837FA2EDF1625003A9D6C /* Assets.xcassets */; };
		3BE837FE2EDF1625003A9D6C /* ContentView.swift in Sources */ = {isa = PBXBuildFile; fileRef = 3BE837FC2EDF1625003A9D6C /* ContentView.swift */; };
		3BE837FF2EDF1625003A9D6C /* barbarian_gameApp.swift in Sources */ = {isa = PBXBuildFile; fileRef = 3BE837FB2EDF1625003A9D6C /* barbarian_gameApp.swift */; };
		3BE838122EDF1A0A003A9D6C /* LoginView.swift in Sources */ = {isa = PBXBuildFile; fileRef = 3BE838112EDF1A09003A9D6C /* LoginView.swift */; };
		3BE838142EDF1A19003A9D6C /* RegisterView.swift in Sources */ = {isa = PBXBuildFile; fileRef = 3BE838132EDF1A12003A9D6C /* RegisterView.swift */; };
		3BE838252EDF1D29003A9D6C /* TokenManager.swift in Sources */ = {isa = PBXBuildFile; fileRef = 3BE8380A2EDF1855003A9D6C /* TokenManager.swift */; };
		3BE838262EDF1D34003A9D6C /* AuthRepository.swift in Sources */ = {isa = PBXBuildFile; fileRef = 3BE8380F2EDF19BD003A9D6C /* AuthRepository.swift */; };
		3BE838272EDF1D39003A9D6C /* APIError.swift in Sources */ = {isa = PBXBuildFile; fileRef = 3BE8380D2EDF195D003A9D6C /* APIError.swift */; };
		3BE838282EDF1D3E003A9D6C /* APIClient.swift in Sources */ = {isa = PBXBuildFile; fileRef = 3BE8380C2EDF1950003A9D6C /* APIClient.swift */; };
		3BE838292EDF1D43003A9D6C /* APIEndpoints.swift in Sources */ = {isa = PBXBuildFile; fileRef = 3BE8380B2EDF1878003A9D6C /* APIEndpoints.swift */; };
		3BE8382A2EDF1D49003A9D6C /* AuthViewModel.swift in Sources */ = {isa = PBXBuildFile; fileRef = 3BE838092EDF183B003A9D6C /* AuthViewModel.swift */; };
		3BE8382B2EDF1D56003A9D6C /* AuthResponse.swift in Sources */ = {isa = PBXBuildFile; fileRef = 3BE8380E2EDF197C003A9D6C /* AuthResponse.swift */; };
		3BE8382C2EDF1D5B003A9D6C /* User.swift in Sources */ = {isa = PBXBuildFile; fileRef = 3BE838082EDF182D003A9D6C /* User.swift */; };
		3BE8382E2EE03F63003A9D6C /* ServerErrorResponse.swift in Sources */ = {isa = PBXBuildFile; fileRef = 3BE8382D2EE03F5D003A9D6C /* ServerErrorResponse.swift */; };
		3BE838332EE04309003A9D6C /* BarbarianManagementView.swift in Sources */ = {isa = PBXBuildFile; fileRef = 3BE838322EE04307003A9D6C /* BarbarianManagementView.swift */; };
		3BE838362EEACB4D003A9D6C /* RootView.swift in Sources */ = {isa = PBXBuildFile; fileRef = 3BE838352EEACB47003A9D6C /* RootView.swift */; };
		3BE838382EEAD23C003A9D6C /* Fight.swift in Sources */ = {isa = PBXBuildFile; fileRef = 3BE838372EEAD238003A9D6C /* Fight.swift */; };
		3BE8383A2EEAD24F003A9D6C /* FightRepository.swift in Sources */ = {isa = PBXBuildFile; fileRef = 3BE838392EEAD249003A9D6C /* FightRepository.swift */; };
		3BE838402EEADAC7003A9D6C /* FightResultView.swift in Sources */ = {isa = PBXBuildFile; fileRef = 3BE8383F2EEADAC6003A9D6C /* FightResultView.swift */; };
		3BE838422EEAF2F7003A9D6C /* FightDetailView.swift in Sources */ = {isa = PBXBuildFile; fileRef = 3BE838412EEAF2EE003A9D6C /* FightDetailView.swift */; };
		3BF8BAED2EE07CAC006DB9E2 /* BarbarianRepository.swift in Sources */ = {isa = PBXBuildFile; fileRef = 3BF8BAEC2EE07CA9006DB9E2 /* BarbarianRepository.swift */; };
		3BF8BAEF2EE0805F006DB9E2 /* BarbarianViewModel.swift in Sources */ = {isa = PBXBuildFile; fileRef = 3BF8BAEE2EE0805D006DB9E2 /* BarbarianViewModel.swift */; };
		3BF8BAF12EE0809F006DB9E2 /* CreateBarbarianView.swift in Sources */ = {isa = PBXBuildFile; fileRef = 3BF8BAF02EE0809D006DB9E2 /* CreateBarbarianView.swift */; };
		3BF8BAF32EE080C3006DB9E2 /* BarbarianDetailView.swift in Sources */ = {isa = PBXBuildFile; fileRef = 3BF8BAF22EE080C2006DB9E2 /* BarbarianDetailView.swift */; };
		3BF8BAF72EE0880A006DB9E2 /* AvatarRepository.swift in Sources */ = {isa = PBXBuildFile; fileRef = 3BF8BAF62EE08808006DB9E2 /* AvatarRepository.swift */; };
		3BF8BAF92EE09B02006DB9E2 /* MenuView.swift in Sources */ = {isa = PBXBuildFile; fileRef = 3BF8BAF82EE09AFC006DB9E2 /* MenuView.swift */; };
		3BF8BAFB2EE0B15D006DB9E2 /* Barbarian.swift in Sources */ = {isa = PBXBuildFile; fileRef = 3BF8BAFA2EE0B158006DB9E2 /* Barbarian.swift */; };
/* End PBXBuildFile section */

/* Begin PBXFileReference section */
		3BE837DD2EDF13C4003A9D6C /* barbarian_game.app */ = {isa = PBXFileReference; explicitFileType = wrapper.application; includeInIndex = 0; path = barbarian_game.app; sourceTree = BUILT_PRODUCTS_DIR; };
		3BE837FA2EDF1625003A9D6C /* Assets.xcassets */ = {isa = PBXFileReference; lastKnownFileType = folder.assetcatalog; path = Assets.xcassets; sourceTree = "<group>"; };
		3BE837FB2EDF1625003A9D6C /* barbarian_gameApp.swift */ = {isa = PBXFileReference; lastKnownFileType = sourcecode.swift; path = barbarian_gameApp.swift; sourceTree = "<group>"; };
		3BE837FC2EDF1625003A9D6C /* ContentView.swift */ = {isa = PBXFileReference; lastKnownFileType = sourcecode.swift; path = ContentView.swift; sourceTree = "<group>"; };
		3BE838082EDF182D003A9D6C /* User.swift */ = {isa = PBXFileReference; lastKnownFileType = sourcecode.swift; path = User.swift; sourceTree = "<group>"; };
		3BE838092EDF183B003A9D6C /* AuthViewModel.swift */ = {isa = PBXFileReference; lastKnownFileType = sourcecode.swift; path = AuthViewModel.swift; sourceTree = "<group>"; };
		3BE8380A2EDF1855003A9D6C /* TokenManager.swift */ = {isa = PBXFileReference; lastKnownFileType = sourcecode.swift; path = TokenManager.swift; sourceTree = "<group>"; };
		3BE8380B2EDF1878003A9D6C /* APIEndpoints.swift */ = {isa = PBXFileReference; lastKnownFileType = sourcecode.swift; path = APIEndpoints.swift; sourceTree = "<group>"; };
		3BE8380C2EDF1950003A9D6C /* APIClient.swift */ = {isa = PBXFileReference; lastKnownFileType = sourcecode.swift; path = APIClient.swift; sourceTree = "<group>"; };
		3BE8380D2EDF195D003A9D6C /* APIError.swift */ = {isa = PBXFileReference; lastKnownFileType = sourcecode.swift; path = APIError.swift; sourceTree = "<group>"; };
		3BE8380E2EDF197C003A9D6C /* AuthResponse.swift */ = {isa = PBXFileReference; lastKnownFileType = sourcecode.swift; path = AuthResponse.swift; sourceTree = "<group>"; };
		3BE8380F2EDF19BD003A9D6C /* AuthRepository.swift */ = {isa = PBXFileReference; lastKnownFileType = sourcecode.swift; path = AuthRepository.swift; sourceTree = "<group>"; };
		3BE838112EDF1A09003A9D6C /* LoginView.swift */ = {isa = PBXFileReference; lastKnownFileType = sourcecode.swift; path = LoginView.swift; sourceTree = "<group>"; };
		3BE838132EDF1A12003A9D6C /* RegisterView.swift */ = {isa = PBXFileReference; lastKnownFileType = sourcecode.swift; path = RegisterView.swift; sourceTree = "<group>"; };
		3BE8382D2EE03F5D003A9D6C /* ServerErrorResponse.swift */ = {isa = PBXFileReference; lastKnownFileType = sourcecode.swift; path = ServerErrorResponse.swift; sourceTree = "<group>"; };
		3BE838322EE04307003A9D6C /* BarbarianManagementView.swift */ = {isa = PBXFileReference; lastKnownFileType = sourcecode.swift; path = BarbarianManagementView.swift; sourceTree = "<group>"; };
		3BE838352EEACB47003A9D6C /* RootView.swift */ = {isa = PBXFileReference; lastKnownFileType = sourcecode.swift; path = RootView.swift; sourceTree = "<group>"; };
		3BE838372EEAD238003A9D6C /* Fight.swift */ = {isa = PBXFileReference; lastKnownFileType = sourcecode.swift; path = Fight.swift; sourceTree = "<group>"; };
		3BE838392EEAD249003A9D6C /* FightRepository.swift */ = {isa = PBXFileReference; lastKnownFileType = sourcecode.swift; path = FightRepository.swift; sourceTree = "<group>"; };
		3BE8383F2EEADAC6003A9D6C /* FightResultView.swift */ = {isa = PBXFileReference; lastKnownFileType = sourcecode.swift; path = FightResultView.swift; sourceTree = "<group>"; };
		3BE838412EEAF2EE003A9D6C /* FightDetailView.swift */ = {isa = PBXFileReference; lastKnownFileType = sourcecode.swift; path = FightDetailView.swift; sourceTree = "<group>"; };
		3BF8BAEC2EE07CA9006DB9E2 /* BarbarianRepository.swift */ = {isa = PBXFileReference; lastKnownFileType = sourcecode.swift; path = BarbarianRepository.swift; sourceTree = "<group>"; };
		3BF8BAEE2EE0805D006DB9E2 /* BarbarianViewModel.swift */ = {isa = PBXFileReference; lastKnownFileType = sourcecode.swift; path = BarbarianViewModel.swift; sourceTree = "<group>"; };
		3BF8BAF02EE0809D006DB9E2 /* CreateBarbarianView.swift */ = {isa = PBXFileReference; lastKnownFileType = sourcecode.swift; path = CreateBarbarianView.swift; sourceTree = "<group>"; };
		3BF8BAF22EE080C2006DB9E2 /* BarbarianDetailView.swift */ = {isa = PBXFileReference; lastKnownFileType = sourcecode.swift; path = BarbarianDetailView.swift; sourceTree = "<group>"; };
		3BF8BAF62EE08808006DB9E2 /* AvatarRepository.swift */ = {isa = PBXFileReference; lastKnownFileType = sourcecode.swift; path = AvatarRepository.swift; sourceTree = "<group>"; };
		3BF8BAF82EE09AFC006DB9E2 /* MenuView.swift */ = {isa = PBXFileReference; lastKnownFileType = sourcecode.swift; path = MenuView.swift; sourceTree = "<group>"; };
		3BF8BAFA2EE0B158006DB9E2 /* Barbarian.swift */ = {isa = PBXFileReference; lastKnownFileType = sourcecode.swift; path = Barbarian.swift; sourceTree = "<group>"; };
/* End PBXFileReference section */

/* Begin PBXFrameworksBuildPhase section */
		3BE837DA2EDF13C4003A9D6C /* Frameworks */ = {
			isa = PBXFrameworksBuildPhase;
			buildActionMask = 2147483647;
			files = (
			);
			runOnlyForDeploymentPostprocessing = 0;
		};
/* End PBXFrameworksBuildPhase section */

/* Begin PBXGroup section */
		3BE837D42EDF13C4003A9D6C = {
			isa = PBXGroup;
			children = (
				3BE838062EDF16B9003A9D6C /* Resources */,
				3BE838052EDF16B1003A9D6C /* Utils */,
				3BE838042EDF16AB003A9D6C /* Networking */,
				3BE838032EDF16A5003A9D6C /* Services */,
				3BE838022EDF169D003A9D6C /* ViewModels */,
				3BE838012EDF1691003A9D6C /* Views */,
				3BE838002EDF1684003A9D6C /* Models */,
				3BE837DE2EDF13C4003A9D6C /* Products */,
				3BE837FB2EDF1625003A9D6C /* barbarian_gameApp.swift */,
			);
			sourceTree = "<group>";
		};
		3BE837DE2EDF13C4003A9D6C /* Products */ = {
			isa = PBXGroup;
			children = (
				3BE837DD2EDF13C4003A9D6C /* barbarian_game.app */,
			);
			name = Products;
			sourceTree = "<group>";
		};
		3BE838002EDF1684003A9D6C /* Models */ = {
			isa = PBXGroup;
			children = (
				3BE838372EEAD238003A9D6C /* Fight.swift */,
				3BF8BAFA2EE0B158006DB9E2 /* Barbarian.swift */,
				3BE8382D2EE03F5D003A9D6C /* ServerErrorResponse.swift */,
				3BE8380E2EDF197C003A9D6C /* AuthResponse.swift */,
				3BE838082EDF182D003A9D6C /* User.swift */,
			);
			path = Models;
			sourceTree = "<group>";
		};
		3BE838012EDF1691003A9D6C /* Views */ = {
			isa = PBXGroup;
			children = (
				3BE8383C2EEAD8DF003A9D6C /* Fight */,
				3BE838342EEAC922003A9D6C /* Menu */,
				3BE8382F2EE042E7003A9D6C /* Barbarian */,
				3BE838102EDF19FC003A9D6C /* Auth */,
				3BE838072EDF1705003A9D6C /* Root */,
			);
			path = Views;
			sourceTree = "<group>";
		};
		3BE838022EDF169D003A9D6C /* ViewModels */ = {
			isa = PBXGroup;
			children = (
				3BF8BAEE2EE0805D006DB9E2 /* BarbarianViewModel.swift */,
				3BE838092EDF183B003A9D6C /* AuthViewModel.swift */,
			);
			path = ViewModels;
			sourceTree = "<group>";
		};
		3BE838032EDF16A5003A9D6C /* Services */ = {
			isa = PBXGroup;
			children = (
				3BE8380A2EDF1855003A9D6C /* TokenManager.swift */,
			);
			path = Services;
			sourceTree = "<group>";
		};
		3BE838042EDF16AB003A9D6C /* Networking */ = {
			isa = PBXGroup;
			children = (
				3BE838392EEAD249003A9D6C /* FightRepository.swift */,
				3BF8BAF62EE08808006DB9E2 /* AvatarRepository.swift */,
				3BF8BAEC2EE07CA9006DB9E2 /* BarbarianRepository.swift */,
				3BE8380F2EDF19BD003A9D6C /* AuthRepository.swift */,
				3BE8380D2EDF195D003A9D6C /* APIError.swift */,
				3BE8380C2EDF1950003A9D6C /* APIClient.swift */,
				3BE8380B2EDF1878003A9D6C /* APIEndpoints.swift */,
			);
			path = Networking;
			sourceTree = "<group>";
		};
		3BE838052EDF16B1003A9D6C /* Utils */ = {
			isa = PBXGroup;
			children = (
			);
			path = Utils;
			sourceTree = "<group>";
		};
		3BE838062EDF16B9003A9D6C /* Resources */ = {
			isa = PBXGroup;
			children = (
				3BE837FA2EDF1625003A9D6C /* Assets.xcassets */,
			);
			path = Resources;
			sourceTree = "<group>";
		};
		3BE838072EDF1705003A9D6C /* Root */ = {
			isa = PBXGroup;
			children = (
				3BE838352EEACB47003A9D6C /* RootView.swift */,
				3BE837FC2EDF1625003A9D6C /* ContentView.swift */,
			);
			path = Root;
			sourceTree = "<group>";
		};
		3BE838102EDF19FC003A9D6C /* Auth */ = {
			isa = PBXGroup;
			children = (
				3BE838132EDF1A12003A9D6C /* RegisterView.swift */,
				3BE838112EDF1A09003A9D6C /* LoginView.swift */,
			);
			path = Auth;
			sourceTree = "<group>";
		};
		3BE8382F2EE042E7003A9D6C /* Barbarian */ = {
			isa = PBXGroup;
			children = (
				3BF8BAF22EE080C2006DB9E2 /* BarbarianDetailView.swift */,
				3BF8BAF02EE0809D006DB9E2 /* CreateBarbarianView.swift */,
				3BE838322EE04307003A9D6C /* BarbarianManagementView.swift */,
			);
			path = Barbarian;
			sourceTree = "<group>";
		};
		3BE838342EEAC922003A9D6C /* Menu */ = {
			isa = PBXGroup;
			children = (
				3BF8BAF82EE09AFC006DB9E2 /* MenuView.swift */,
			);
			path = Menu;
			sourceTree = "<group>";
		};
		3BE8383C2EEAD8DF003A9D6C /* Fight */ = {
			isa = PBXGroup;
			children = (
				3BE838412EEAF2EE003A9D6C /* FightDetailView.swift */,
				3BE8383F2EEADAC6003A9D6C /* FightResultView.swift */,
			);
			path = Fight;
			sourceTree = "<group>";
		};
/* End PBXGroup section */

/* Begin PBXNativeTarget section */
		3BE837DC2EDF13C4003A9D6C /* barbarian_game */ = {
			isa = PBXNativeTarget;
			buildConfigurationList = 3BE837E82EDF13C7003A9D6C /* Build configuration list for PBXNativeTarget "barbarian_game" */;
			buildPhases = (
				3BE837D92EDF13C4003A9D6C /* Sources */,
				3BE837DA2EDF13C4003A9D6C /* Frameworks */,
				3BE837DB2EDF13C4003A9D6C /* Resources */,
			);
			buildRules = (
			);
			dependencies = (
			);
			name = barbarian_game;
			packageProductDependencies = (
			);
			productName = barbarian_game;
			productReference = 3BE837DD2EDF13C4003A9D6C /* barbarian_game.app */;
			productType = "com.apple.product-type.application";
		};
/* End PBXNativeTarget section */

/* Begin PBXProject section */
		3BE837D52EDF13C4003A9D6C /* Project object */ = {
			isa = PBXProject;
			attributes = {
				BuildIndependentTargetsInParallel = 1;
				LastSwiftUpdateCheck = 1640;
				LastUpgradeCheck = 1640;
				TargetAttributes = {
					3BE837DC2EDF13C4003A9D6C = {
						CreatedOnToolsVersion = 16.4;
					};
				};
			};
			buildConfigurationList = 3BE837D82EDF13C4003A9D6C /* Build configuration list for PBXProject "barbarian_game" */;
			developmentRegion = en;
			hasScannedForEncodings = 0;
			knownRegions = (
				en,
				Base,
			);
			mainGroup = 3BE837D42EDF13C4003A9D6C;
			minimizedProjectReferenceProxies = 1;
			preferredProjectObjectVersion = 77;
			productRefGroup = 3BE837DE2EDF13C4003A9D6C /* Products */;
			projectDirPath = "";
			projectRoot = "";
			targets = (
				3BE837DC2EDF13C4003A9D6C /* barbarian_game */,
			);
		};
/* End PBXProject section */

/* Begin PBXResourcesBuildPhase section */
		3BE837DB2EDF13C4003A9D6C /* Resources */ = {
			isa = PBXResourcesBuildPhase;
			buildActionMask = 2147483647;
			files = (
				3BE837FD2EDF1625003A9D6C /* Assets.xcassets in Resources */,
			);
			runOnlyForDeploymentPostprocessing = 0;
		};
/* End PBXResourcesBuildPhase section */

/* Begin PBXSourcesBuildPhase section */
		3BE837D92EDF13C4003A9D6C /* Sources */ = {
			isa = PBXSourcesBuildPhase;
			buildActionMask = 2147483647;
			files = (
				3BE8382A2EDF1D49003A9D6C /* AuthViewModel.swift in Sources */,
				3BF8BAFB2EE0B15D006DB9E2 /* Barbarian.swift in Sources */,
				3BE8383A2EEAD24F003A9D6C /* FightRepository.swift in Sources */,
				3BF8BAEF2EE0805F006DB9E2 /* BarbarianViewModel.swift in Sources */,
				3BE838122EDF1A0A003A9D6C /* LoginView.swift in Sources */,
				3BE838142EDF1A19003A9D6C /* RegisterView.swift in Sources */,
				3BE838252EDF1D29003A9D6C /* TokenManager.swift in Sources */,
				3BF8BAF92EE09B02006DB9E2 /* MenuView.swift in Sources */,
				3BE838422EEAF2F7003A9D6C /* FightDetailView.swift in Sources */,
				3BE838292EDF1D43003A9D6C /* APIEndpoints.swift in Sources */,
				3BF8BAED2EE07CAC006DB9E2 /* BarbarianRepository.swift in Sources */,
				3BE838402EEADAC7003A9D6C /* FightResultView.swift in Sources */,
				3BE838282EDF1D3E003A9D6C /* APIClient.swift in Sources */,
				3BE838382EEAD23C003A9D6C /* Fight.swift in Sources */,
				3BE838362EEACB4D003A9D6C /* RootView.swift in Sources */,
				3BF8BAF72EE0880A006DB9E2 /* AvatarRepository.swift in Sources */,
				3BE838332EE04309003A9D6C /* BarbarianManagementView.swift in Sources */,
				3BE838262EDF1D34003A9D6C /* AuthRepository.swift in Sources */,
				3BE837FE2EDF1625003A9D6C /* ContentView.swift in Sources */,
				3BE8382C2EDF1D5B003A9D6C /* User.swift in Sources */,
				3BF8BAF32EE080C3006DB9E2 /* BarbarianDetailView.swift in Sources */,
				3BF8BAF12EE0809F006DB9E2 /* CreateBarbarianView.swift in Sources */,
				3BE8382B2EDF1D56003A9D6C /* AuthResponse.swift in Sources */,
				3BE8382E2EE03F63003A9D6C /* ServerErrorResponse.swift in Sources */,
				3BE837FF2EDF1625003A9D6C /* barbarian_gameApp.swift in Sources */,
				3BE838272EDF1D39003A9D6C /* APIError.swift in Sources */,
			);
			runOnlyForDeploymentPostprocessing = 0;
		};
/* End PBXSourcesBuildPhase section */

/* Begin XCBuildConfiguration section */
		3BE837E62EDF13C7003A9D6C /* Debug */ = {
			isa = XCBuildConfiguration;
			buildSettings = {
				ALWAYS_SEARCH_USER_PATHS = NO;
				ASSETCATALOG_COMPILER_GENERATE_SWIFT_ASSET_SYMBOL_EXTENSIONS = YES;
				CLANG_ANALYZER_NONNULL = YES;
				CLANG_ANALYZER_NUMBER_OBJECT_CONVERSION = YES_AGGRESSIVE;
				CLANG_CXX_LANGUAGE_STANDARD = "gnu++20";
				CLANG_ENABLE_MODULES = YES;
				CLANG_ENABLE_OBJC_ARC = YES;
				CLANG_ENABLE_OBJC_WEAK = YES;
				CLANG_WARN_BLOCK_CAPTURE_AUTORELEASING = YES;
				CLANG_WARN_BOOL_CONVERSION = YES;
				CLANG_WARN_COMMA = YES;
				CLANG_WARN_CONSTANT_CONVERSION = YES;
				CLANG_WARN_DEPRECATED_OBJC_IMPLEMENTATIONS = YES;
				CLANG_WARN_DIRECT_OBJC_ISA_USAGE = YES_ERROR;
				CLANG_WARN_DOCUMENTATION_COMMENTS = YES;
				CLANG_WARN_EMPTY_BODY = YES;
				CLANG_WARN_ENUM_CONVERSION = YES;
				CLANG_WARN_INFINITE_RECURSION = YES;
				CLANG_WARN_INT_CONVERSION = YES;
				CLANG_WARN_NON_LITERAL_NULL_CONVERSION = YES;
				CLANG_WARN_OBJC_IMPLICIT_RETAIN_SELF = YES;
				CLANG_WARN_OBJC_LITERAL_CONVERSION = YES;
				CLANG_WARN_OBJC_ROOT_CLASS = YES_ERROR;
				CLANG_WARN_QUOTED_INCLUDE_IN_FRAMEWORK_HEADER = YES;
				CLANG_WARN_RANGE_LOOP_ANALYSIS = YES;
				CLANG_WARN_STRICT_PROTOTYPES = YES;
				CLANG_WARN_SUSPICIOUS_MOVE = YES;
				CLANG_WARN_UNGUARDED_AVAILABILITY = YES_AGGRESSIVE;
				CLANG_WARN_UNREACHABLE_CODE = YES;
				CLANG_WARN__DUPLICATE_METHOD_MATCH = YES;
				COPY_PHASE_STRIP = NO;
				DEBUG_INFORMATION_FORMAT = dwarf;
				ENABLE_STRICT_OBJC_MSGSEND = YES;
				ENABLE_TESTABILITY = YES;
				ENABLE_USER_SCRIPT_SANDBOXING = YES;
				GCC_C_LANGUAGE_STANDARD = gnu17;
				GCC_DYNAMIC_NO_PIC = NO;
				GCC_NO_COMMON_BLOCKS = YES;
				GCC_OPTIMIZATION_LEVEL = 0;
				GCC_PREPROCESSOR_DEFINITIONS = (
					"DEBUG=1",
					"$(inherited)",
				);
				GCC_WARN_64_TO_32_BIT_CONVERSION = YES;
				GCC_WARN_ABOUT_RETURN_TYPE = YES_ERROR;
				GCC_WARN_UNDECLARED_SELECTOR = YES;
				GCC_WARN_UNINITIALIZED_AUTOS = YES_AGGRESSIVE;
				GCC_WARN_UNUSED_FUNCTION = YES;
				GCC_WARN_UNUSED_VARIABLE = YES;
				IPHONEOS_DEPLOYMENT_TARGET = 18.5;
				LOCALIZATION_PREFERS_STRING_CATALOGS = YES;
				MTL_ENABLE_DEBUG_INFO = INCLUDE_SOURCE;
				MTL_FAST_MATH = YES;
				ONLY_ACTIVE_ARCH = YES;
				SDKROOT = iphoneos;
				SWIFT_ACTIVE_COMPILATION_CONDITIONS = "DEBUG $(inherited)";
				SWIFT_OPTIMIZATION_LEVEL = "-Onone";
			};
			name = Debug;
		};
		3BE837E72EDF13C7003A9D6C /* Release */ = {
			isa = XCBuildConfiguration;
			buildSettings = {
				ALWAYS_SEARCH_USER_PATHS = NO;
				ASSETCATALOG_COMPILER_GENERATE_SWIFT_ASSET_SYMBOL_EXTENSIONS = YES;
				CLANG_ANALYZER_NONNULL = YES;
				CLANG_ANALYZER_NUMBER_OBJECT_CONVERSION = YES_AGGRESSIVE;
				CLANG_CXX_LANGUAGE_STANDARD = "gnu++20";
				CLANG_ENABLE_MODULES = YES;
				CLANG_ENABLE_OBJC_ARC = YES;
				CLANG_ENABLE_OBJC_WEAK = YES;
				CLANG_WARN_BLOCK_CAPTURE_AUTORELEASING = YES;
				CLANG_WARN_BOOL_CONVERSION = YES;
				CLANG_WARN_COMMA = YES;
				CLANG_WARN_CONSTANT_CONVERSION = YES;
				CLANG_WARN_DEPRECATED_OBJC_IMPLEMENTATIONS = YES;
				CLANG_WARN_DIRECT_OBJC_ISA_USAGE = YES_ERROR;
				CLANG_WARN_DOCUMENTATION_COMMENTS = YES;
				CLANG_WARN_EMPTY_BODY = YES;
				CLANG_WARN_ENUM_CONVERSION = YES;
				CLANG_WARN_INFINITE_RECURSION = YES;
				CLANG_WARN_INT_CONVERSION = YES;
				CLANG_WARN_NON_LITERAL_NULL_CONVERSION = YES;
				CLANG_WARN_OBJC_IMPLICIT_RETAIN_SELF = YES;
				CLANG_WARN_OBJC_LITERAL_CONVERSION = YES;
				CLANG_WARN_OBJC_ROOT_CLASS = YES_ERROR;
				CLANG_WARN_QUOTED_INCLUDE_IN_FRAMEWORK_HEADER = YES;
				CLANG_WARN_RANGE_LOOP_ANALYSIS = YES;
				CLANG_WARN_STRICT_PROTOTYPES = YES;
				CLANG_WARN_SUSPICIOUS_MOVE = YES;
				CLANG_WARN_UNGUARDED_AVAILABILITY = YES_AGGRESSIVE;
				CLANG_WARN_UNREACHABLE_CODE = YES;
				CLANG_WARN__DUPLICATE_METHOD_MATCH = YES;
				COPY_PHASE_STRIP = NO;
				DEBUG_INFORMATION_FORMAT = "dwarf-with-dsym";
				ENABLE_NS_ASSERTIONS = NO;
				ENABLE_STRICT_OBJC_MSGSEND = YES;
				ENABLE_USER_SCRIPT_SANDBOXING = YES;
				GCC_C_LANGUAGE_STANDARD = gnu17;
				GCC_NO_COMMON_BLOCKS = YES;
				GCC_WARN_64_TO_32_BIT_CONVERSION = YES;
				GCC_WARN_ABOUT_RETURN_TYPE = YES_ERROR;
				GCC_WARN_UNDECLARED_SELECTOR = YES;
				GCC_WARN_UNINITIALIZED_AUTOS = YES_AGGRESSIVE;
				GCC_WARN_UNUSED_FUNCTION = YES;
				GCC_WARN_UNUSED_VARIABLE = YES;
				IPHONEOS_DEPLOYMENT_TARGET = 18.5;
				LOCALIZATION_PREFERS_STRING_CATALOGS = YES;
				MTL_ENABLE_DEBUG_INFO = NO;
				MTL_FAST_MATH = YES;
				SDKROOT = iphoneos;
				SWIFT_COMPILATION_MODE = wholemodule;
				VALIDATE_PRODUCT = YES;
			};
			name = Release;
		};
		3BE837E92EDF13C7003A9D6C /* Debug */ = {
			isa = XCBuildConfiguration;
			buildSettings = {
				ASSETCATALOG_COMPILER_APPICON_NAME = AppIcon;
				ASSETCATALOG_COMPILER_GLOBAL_ACCENT_COLOR_NAME = AccentColor;
				CODE_SIGN_STYLE = Automatic;
				CURRENT_PROJECT_VERSION = 1;
				ENABLE_PREVIEWS = YES;
				GENERATE_INFOPLIST_FILE = YES;
				INFOPLIST_KEY_UIApplicationSceneManifest_Generation = YES;
				INFOPLIST_KEY_UIApplicationSupportsIndirectInputEvents = YES;
				INFOPLIST_KEY_UILaunchScreen_Generation = YES;
				INFOPLIST_KEY_UISupportedInterfaceOrientations_iPad = "UIInterfaceOrientationPortrait UIInterfaceOrientationPortraitUpsideDown UIInterfaceOrientationLandscapeLeft UIInterfaceOrientationLandscapeRight";
				INFOPLIST_KEY_UISupportedInterfaceOrientations_iPhone = "UIInterfaceOrientationPortrait UIInterfaceOrientationLandscapeLeft UIInterfaceOrientationLandscapeRight";
				LD_RUNPATH_SEARCH_PATHS = (
					"$(inherited)",
					"@executable_path/Frameworks",
				);
				MARKETING_VERSION = 1.0;
				PRODUCT_BUNDLE_IDENTIFIER = "net.martin.barbarian-game";
				PRODUCT_NAME = "$(TARGET_NAME)";
				SWIFT_EMIT_LOC_STRINGS = YES;
				SWIFT_VERSION = 5.0;
				TARGETED_DEVICE_FAMILY = "1,2";
			};
			name = Debug;
		};
		3BE837EA2EDF13C7003A9D6C /* Release */ = {
			isa = XCBuildConfiguration;
			buildSettings = {
				ASSETCATALOG_COMPILER_APPICON_NAME = AppIcon;
				ASSETCATALOG_COMPILER_GLOBAL_ACCENT_COLOR_NAME = AccentColor;
				CODE_SIGN_STYLE = Automatic;
				CURRENT_PROJECT_VERSION = 1;
				ENABLE_PREVIEWS = YES;
				GENERATE_INFOPLIST_FILE = YES;
				INFOPLIST_KEY_UIApplicationSceneManifest_Generation = YES;
				INFOPLIST_KEY_UIApplicationSupportsIndirectInputEvents = YES;
				INFOPLIST_KEY_UILaunchScreen_Generation = YES;
				INFOPLIST_KEY_UISupportedInterfaceOrientations_iPad = "UIInterfaceOrientationPortrait UIInterfaceOrientationPortraitUpsideDown UIInterfaceOrientationLandscapeLeft UIInterfaceOrientationLandscapeRight";
				INFOPLIST_KEY_UISupportedInterfaceOrientations_iPhone = "UIInterfaceOrientationPortrait UIInterfaceOrientationLandscapeLeft UIInterfaceOrientationLandscapeRight";
				LD_RUNPATH_SEARCH_PATHS = (
					"$(inherited)",
					"@executable_path/Frameworks",
				);
				MARKETING_VERSION = 1.0;
				PRODUCT_BUNDLE_IDENTIFIER = "net.martin.barbarian-game";
				PRODUCT_NAME = "$(TARGET_NAME)";
				SWIFT_EMIT_LOC_STRINGS = YES;
				SWIFT_VERSION = 5.0;
				TARGETED_DEVICE_FAMILY = "1,2";
			};
			name = Release;
		};
/* End XCBuildConfiguration section */

/* Begin XCConfigurationList section */
		3BE837D82EDF13C4003A9D6C /* Build configuration list for PBXProject "barbarian_game" */ = {
			isa = XCConfigurationList;
			buildConfigurations = (
				3BE837E62EDF13C7003A9D6C /* Debug */,
				3BE837E72EDF13C7003A9D6C /* Release */,
			);
			defaultConfigurationIsVisible = 0;
			defaultConfigurationName = Release;
		};
		3BE837E82EDF13C7003A9D6C /* Build configuration list for PBXNativeTarget "barbarian_game" */ = {
			isa = XCConfigurationList;
			buildConfigurations = (
				3BE837E92EDF13C7003A9D6C /* Debug */,
				3BE837EA2EDF13C7003A9D6C /* Release */,
			);
			defaultConfigurationIsVisible = 0;
			defaultConfigurationName = Release;
		};
/* End XCConfigurationList section */
	};
	rootObject = 3BE837D52EDF13C4003A9D6C /* Project object */;
}
